{
  "version": 4,
  "terraform_version": "1.14.8",
  "serial": 16,
  "lineage": "8629c07f-a3a0-e253-678f-bace9f215ee9",
  "outputs": {
    "train_ip": {
      "value": "",
      "type": "string"
    },
    "train_ssh": {
      "value": "training droplet is not running",
      "type": "string"
    },
    "volume_id": {
      "value": "932871e1-31bb-11f1-9eea-0a58ac144a4d",
      "type": "string"
    }
  },
  "resources": [
    {
      "mode": "data",
      "type": "digitalocean_ssh_key",
      "name": "operator",
      "provider": "provider[\"registry.terraform.io/digitalocean/digitalocean\"]",
      "instances": [
        {
          "schema_version": 0,
          "attributes": {
            "fingerprint": "d1:43:fc:e2:71:b0:da:f9:d1:81:c5:d6:55:19:f4:a1",
            "id": 56207,
            "name": "Mardo",
            "public_key": "ssh-rsa AAAAB3NzaC1yc2EAAAADAQABAAABAQC7K920VyX91nwsQzcSJngIkpZiOpqyEI7jbaYELPl6Nq2BEZ/X3nh0uCMw9dCvcS4yEQ6DVgJqS4Cntzn0AXBNih3Uksr+AosJ0uvnS8v/Xfy+O0jns+//PFwhXqeVaaNvXkudb21ppj3yoiWJgvw0eqaKTPyfzsGybnvZ+kNUf4SZW7pynVCCanDDmDcKNCzQQ39LgxNcMTF3BK00SefZlvt5GLf/KE23ZvACWX6IEyNFZZmcQ+h0iWoFGWpE9ijRZlcbbXbcQ2UWGKkPi459drD6jM0pEuc4zYGBVN0l2EiTGi0W9xU1LtUlzaKddASTpRsNw7fQAi1jNpbuJq5R mardodcp@gmail.com"
          },
          "sensitive_attributes": [],
          "identity_schema_version": 0
        }
      ]
    },
    {
      "mode": "managed",
      "type": "digitalocean_volume",
      "name": "models",
      "provider": "provider[\"registry.terraform.io/digitalocean/digitalocean\"]",
      "instances": [
        {
          "schema_version": 0,
          "attributes": {
            "description": "Persistent storage for trained model .zip files",
            "droplet_ids": [],
            "filesystem_label": null,
            "filesystem_type": "ext4",
            "id": "932871e1-31bb-11f1-9eea-0a58ac144a4d",
            "initial_filesystem_label": null,
            "initial_filesystem_type": "ext4",
            "name": "tradan-models",
            "region": "nyc1",
            "size": 100,
            "snapshot_id": null,
            "tags": null,
            "urn": "do:volume:932871e1-31bb-11f1-9eea-0a58ac144a4d"
          },
          "sensitive_attributes": [],
          "identity_schema_version": 0,
          "private": "bnVsbA=="
        }
      ]
    },
    {
      "mode": "managed",
      "type": "digitalocean_vpc",
      "name": "tradan",
      "provider": "provider[\"registry.terraform.io/digitalocean/digitalocean\"]",
      "instances": [
        {
          "schema_version": 0,
          "attributes": {
            "created_at": "2026-04-06 13:04:13 +0000 UTC",
            "default": true,
            "description": "",
            "id": "a0af7f57-f406-410f-94cd-0cbea8b419f6",
            "ip_range": "10.0.0.0/16",
            "name": "tradan-vpc",
            "region": "nyc3",
            "timeouts": null,
            "urn": "do:vpc:a0af7f57-f406-410f-94cd-0cbea8b419f6"
          },
          "sensitive_attributes": [],
          "identity_schema_version": 0,
          "private": "eyJlMmJmYjczMC1lY2FhLTExZTYtOGY4OC0zNDM2M2JjN2M0YzAiOnsiZGVsZXRlIjoxMjAwMDAwMDAwMDB9fQ=="
        }
      ]
    }
  ],
  "check_results": [
    {
      "object_kind": "var",
      "config_addr": "var.train_droplet_size",
      "status": "pass",
      "objects": [
        {
          "object_addr": "var.train_droplet_size",
          "status": "pass"
        }
      ]
    }
  ]
}
